
Microsoft Visual Studio Solution File, Format Version 12.00
# Visual Studio Version 16
VisualStudioVersion = 16.0.29709.97
MinimumVisualStudioVersion = 10.0.40219.1
Project("{FAE04EC0-301F-11D3-BF4B-00C04F79EFBC}") = "Witanra.Shared", "Witanra.Shared\Witanra.Shared.csproj", "{EAAC4DEF-9EF4-4461-B1BA-371716E7EAA2}"
EndProject
Project("{FAE04EC0-301F-11D3-BF4B-00C04F79EFBC}") = "Witanra.YouTubeUploader", "Witanra.YouTubeUploader\Witanra.YouTubeUploader.csproj", "{77AEE0B4-FA39-4A4D-B1F1-8C18EB97166F}"
EndProject
Project("{FAE04EC0-301F-11D3-BF4B-00C04F79EFBC}") = "Witanra.Security", "Witanra.Security\Witanra.Security.csproj", "{8C4C4F88-CFBA-4FC2-973F-94D215BC868A}"
EndProject
Project("{FAE04EC0-301F-11D3-BF4B-00C04F79EFBC}") = "Witanra.DirectoryCleanup", "Witanra.DirectoryCleanup\Witanra.DirectoryCleanup.csproj", "{CEE347F6-57EC-4F06-813E-851A907E5CA0}"
EndProject
Project("{FAE04EC0-301F-11D3-BF4B-00C04F79EFBC}") = "Witanra.OrganizeByDate", "Witanra.OrganizeByDate\Witanra.OrganizeByDate.csproj", "{C1E53CF5-33EE-4A95-BD69-E8DDF2DCAB5C}"
EndProject
Project("{9A19103F-16F7-4668-BE54-9A1E7A4F7556}") = "Witanra.YouTubeDownloader", "Witanra.YouTubeDownloader\Witanra.YouTubeDownloader.csproj", "{696BF627-5D23-4634-80F0-38B49FD158ED}"
EndProject
Project("{FAE04EC0-301F-11D3-BF4B-00C04F79EFBC}") = "Witanra.ImageDownloader", "Witanra.ImageDownloader\Witanra.ImageDownloader.csproj", "{1FD6E885-9E66-421C-9CC9-F1012A5DCD26}"
EndProject
Project("{FAE04EC0-301F-11D3-BF4B-00C04F79EFBC}") = "Witanra.ProcessManager", "Witanra.ProcessManager\Witanra.ProcessManager.csproj", "{962BF07F-EC1C-4BFD-B898-567DCC2DEC5E}"
EndProject
Project("{9A19103F-16F7-4668-BE54-9A1E7A4F7556}") = "Witanra.AccountLogger", "Witanra.AccountLogger\Witanra.AccountLogger.csproj", "{BA8A9ECA-0527-469F-961F-197154D40720}"
EndProject
Project("{9A19103F-16F7-4668-BE54-9A1E7A4F7556}") = "Witanra.WebScraper", "Witanra.WebScraper\Witanra.WebScraper.csproj", "{6634A8B2-08AB-43D2-9EFC-FAB717CEE84D}"
EndProject
Project("{FAE04EC0-301F-11D3-BF4B-00C04F79EFBC}") = "Witanra.DeepStack", "Witanra.DeepStack\Witanra.DeepStack.csproj", "{85140E6D-A6D5-4B09-9E63-8B2753484152}"
EndProject
Global
	GlobalSection(SolutionConfigurationPlatforms) = preSolution
		Debug|Any CPU = Debug|Any CPU
		Release|Any CPU = Release|Any CPU
	EndGlobalSection
	GlobalSection(ProjectConfigurationPlatforms) = postSolution
		{EAAC4DEF-9EF4-4461-B1BA-371716E7EAA2}.Debug|Any CPU.ActiveCfg = Debug|Any CPU
		{EAAC4DEF-9EF4-4461-B1BA-371716E7EAA2}.Debug|Any CPU.Build.0 = Debug|Any CPU
		{EAAC4DEF-9EF4-4461-B1BA-371716E7EAA2}.Release|Any CPU.ActiveCfg = Release|Any CPU
		{EAAC4DEF-9EF4-4461-B1BA-371716E7EAA2}.Release|Any CPU.Build.0 = Release|Any CPU
		{77AEE0B4-FA39-4A4D-B1F1-8C18EB97166F}.Debug|Any CPU.ActiveCfg = Debug|Any CPU
		{77AEE0B4-FA39-4A4D-B1F1-8C18EB97166F}.Debug|Any CPU.Build.0 = Debug|Any CPU
		{77AEE0B4-FA39-4A4D-B1F1-8C18EB97166F}.Release|Any CPU.ActiveCfg = Release|Any CPU
		{77AEE0B4-FA39-4A4D-B1F1-8C18EB97166F}.Release|Any CPU.Build.0 = Release|Any CPU
		{8C4C4F88-CFBA-4FC2-973F-94D215BC868A}.Debug|Any CPU.ActiveCfg = Debug|Any CPU
		{8C4C4F88-CFBA-4FC2-973F-94D215BC868A}.Debug|Any CPU.Build.0 = Debug|Any CPU
		{8C4C4F88-CFBA-4FC2-973F-94D215BC868A}.Release|Any CPU.ActiveCfg = Release|Any CPU
		{8C4C4F88-CFBA-4FC2-973F-94D215BC868A}.Release|Any CPU.Build.0 = Release|Any CPU
		{CEE347F6-57EC-4F06-813E-851A907E5CA0}.Debug|Any CPU.ActiveCfg = Debug|Any CPU
		{CEE347F6-57EC-4F06-813E-851A907E5CA0}.Debug|Any CPU.Build.0 = Debug|Any CPU
		{CEE347F6-57EC-4F06-813E-851A907E5CA0}.Release|Any CPU.ActiveCfg = Release|Any CPU
		{CEE347F6-57EC-4F06-813E-851A907E5CA0}.Release|Any CPU.Build.0 = Release|Any CPU
		{C1E53CF5-33EE-4A95-BD69-E8DDF2DCAB5C}.Debug|Any CPU.ActiveCfg = Debug|Any CPU
		{C1E53CF5-33EE-4A95-BD69-E8DDF2DCAB5C}.Debug|Any CPU.Build.0 = Debug|Any CPU
		{C1E53CF5-33EE-4A95-BD69-E8DDF2DCAB5C}.Release|Any CPU.ActiveCfg = Release|Any CPU
		{C1E53CF5-33EE-4A95-BD69-E8DDF2DCAB5C}.Release|Any CPU.Build.0 = Release|Any CPU
		{696BF627-5D23-4634-80F0-38B49FD158ED}.Debug|Any CPU.ActiveCfg = Debug|Any CPU
		{696BF627-5D23-4634-80F0-38B49FD158ED}.Debug|Any CPU.Build.0 = Debug|Any CPU
		{696BF627-5D23-4634-80F0-38B49FD158ED}.Release|Any CPU.ActiveCfg = Release|Any CPU
		{696BF627-5D23-4634-80F0-38B49FD158ED}.Release|Any CPU.Build.0 = Release|Any CPU
		{1FD6E885-9E66-421C-9CC9-F1012A5DCD26}.Debug|Any CPU.ActiveCfg = Debug|Any CPU
		{1FD6E885-9E66-421C-9CC9-F1012A5DCD26}.Debug|Any CPU.Build.0 = Debug|Any CPU
		{1FD6E885-9E66-421C-9CC9-F1012A5DCD26}.Release|Any CPU.ActiveCfg = Release|Any CPU
		{1FD6E885-9E66-421C-9CC9-F1012A5DCD26}.Release|Any CPU.Build.0 = Release|Any CPU
		{962BF07F-EC1C-4BFD-B898-567DCC2DEC5E}.Debug|Any CPU.ActiveCfg = Debug|Any CPU
		{962BF07F-EC1C-4BFD-B898-567DCC2DEC5E}.Debug|Any CPU.Build.0 = Debug|Any CPU
		{962BF07F-EC1C-4BFD-B898-567DCC2DEC5E}.Release|Any CPU.ActiveCfg = Release|Any CPU
		{962BF07F-EC1C-4BFD-B898-567DCC2DEC5E}.Release|Any CPU.Build.0 = Release|Any CPU
		{BA8A9ECA-0527-469F-961F-197154D40720}.Debug|Any CPU.ActiveCfg = Debug|Any CPU
		{BA8A9ECA-0527-469F-961F-197154D40720}.Debug|Any CPU.Build.0 = Debug|Any CPU
		{BA8A9ECA-0527-469F-961F-197154D40720}.Release|Any CPU.ActiveCfg = Release|Any CPU
		{BA8A9ECA-0527-469F-961F-197154D40720}.Release|Any CPU.Build.0 = Release|Any CPU
		{6634A8B2-08AB-43D2-9EFC-FAB717CEE84D}.Debug|Any CPU.ActiveCfg = Debug|Any CPU
		{6634A8B2-08AB-43D2-9EFC-FAB717CEE84D}.Debug|Any CPU.Build.0 = Debug|Any CPU
		{6634A8B2-08AB-43D2-9EFC-FAB717CEE84D}.Release|Any CPU.ActiveCfg = Release|Any CPU
		{6634A8B2-08AB-43D2-9EFC-FAB717CEE84D}.Release|Any CPU.Build.0 = Release|Any CPU
		{85140E6D-A6D5-4B09-9E63-8B2753484152}.Debug|Any CPU.ActiveCfg = Debug|Any CPU
		{85140E6D-A6D5-4B09-9E63-8B2753484152}.Debug|Any CPU.Build.0 = Debug|Any CPU
		{85140E6D-A6D5-4B09-9E63-8B2753484152}.Release|Any CPU.ActiveCfg = Release|Any CPU
		{85140E6D-A6D5-4B09-9E63-8B2753484152}.Release|Any CPU.Build.0 = Release|Any CPU
	EndGlobalSection
	GlobalSection(SolutionProperties) = preSolution
		HideSolutionNode = FALSE
	EndGlobalSection
	GlobalSection(ExtensibilityGlobals) = postSolution
		SolutionGuid = {9A8FD88B-A245-426D-B2A1-660BE29F840C}
	EndGlobalSection
EndGlobal
